// !$*UTF8*$!
{
	archiveVersion = 1;
	classes = {
	};
	objectVersion = 46;
	objects = {

/* Begin PBXBuildFile section */
		5ABEDB341AC6AA4F005C157D /* main.m in Sources */ = {isa = PBXBuildFile; fileRef = 5ABEDB331AC6AA4F005C157D /* main.m */; };
		5ABEDB371AC6AA4F005C157D /* AppDelegate.m in Sources */ = {isa = PBXBuildFile; fileRef = 5ABEDB361AC6AA4F005C157D /* AppDelegate.m */; };
		5ABEDB3A1AC6AA4F005C157D /* ViewController.m in Sources */ = {isa = PBXBuildFile; fileRef = 5ABEDB391AC6AA4F005C157D /* ViewController.m */; };
		5ABEDB3D1AC6AA4F005C157D /* Main.storyboard in Resources */ = {isa = PBXBuildFile; fileRef = 5ABEDB3B1AC6AA4F005C157D /* Main.storyboard */; };
		5ABEDB3F1AC6AA4F005C157D /* Images.xcassets in Resources */ = {isa = PBXBuildFile; fileRef = 5ABEDB3E1AC6AA4F005C157D /* Images.xcassets */; };
		5ABEDB421AC6AA4F005C157D /* LaunchScreen.xib in Resources */ = {isa = PBXBuildFile; fileRef = 5ABEDB401AC6AA4F005C157D /* LaunchScreen.xib */; };
		5ABEDB4E1AC6AA50005C157D /* testTests.m in Sources */ = {isa = PBXBuildFile; fileRef = 5ABEDB4D1AC6AA50005C157D /* testTests.m */; };
/* End PBXBuildFile section */

/* Begin PBXContainerItemProxy section */
		5ABEDB481AC6AA4F005C157D /* PBXContainerItemProxy */ = {
			isa = PBXContainerItemProxy;
			containerPortal = 5ABEDB261AC6AA4F005C157D /* Project object */;
			proxyType = 1;
			remoteGlobalIDString = 5ABEDB2D1AC6AA4F005C157D;
			remoteInfo = test;
		};
/* End PBXContainerItemProxy section */

/* Begin PBXFileReference section */
		5ABEDB2E1AC6AA4F005C157D /* test.app */ = {isa = PBXFileReference; explicitFileType = wrapper.application; includeInIndex = 0; path = test.app; sourceTree = BUILT_PRODUCTS_DIR; };
		5ABEDB321AC6AA4F005C157D /* Info.plist */ = {isa = PBXFileReference; lastKnownFileType = text.plist.xml; path = Info.plist; sourceTree = "<group>"; };
		5ABEDB331AC6AA4F005C157D /* main.m */ = {isa = PBXFileReference; lastKnownFileType = sourcecode.c.objc; path = main.m; sourceTree = "<group>"; };
		5ABEDB351AC6AA4F005C157D /* AppDelegate.h */ = {isa = PBXFileReference; lastKnownFileType = sourcecode.c.h; path = AppDelegate.h; sourceTree = "<group>"; };
		5ABEDB361AC6AA4F005C157D /* AppDelegate.m */ = {isa = PBXFileReference; lastKnownFileType = sourcecode.c.objc; path = AppDelegate.m; sourceTree = "<group>"; };
		5ABEDB381AC6AA4F005C157D /* ViewController.h */ = {isa = PBXFileReference; lastKnownFileType = sourcecode.c.h; path = ViewController.h; sourceTree = "<group>"; };
		5ABEDB391AC6AA4F005C157D /* ViewController.m */ = {isa = PBXFileReference; lastKnownFileType = sourcecode.c.objc; path = ViewController.m; sourceTree = "<group>"; };
		5ABEDB3C1AC6AA4F005C157D /* Base */ = {isa = PBXFileReference; lastKnownFileType = file.storyboard; name = Base; path = Base.lproj/Main.storyboard; sourceTree = "<group>"; };
		5ABEDB3E1AC6AA4F005C157D /* Images.xcassets */ = {isa = PBXFileReference; lastKnownFileType = folder.assetcatalog; path = Images.xcassets; sourceTree = "<group>"; };
		5ABEDB411AC6AA4F005C157D /* Base */ = {isa = PBXFileReference; lastKnownFileType = file.xib; name = Base; path = Base.lproj/LaunchScreen.xib; sourceTree = "<group>"; };
		5ABEDB471AC6AA4F005C157D /* testTests.xctest */ = {isa = PBXFileReference; explicitFileType = wrapper.cfbundle; includeInIndex = 0; path = testTests.xctest; sourceTree = BUILT_PRODUCTS_DIR; };
		5ABEDB4C1AC6AA50005C157D /* Info.plist */ = {isa = PBXFileReference; lastKnownFileType = text.plist.xml; path = Info.plist; sourceTree = "<group>"; };
		5ABEDB4D1AC6AA50005C157D /* testTests.m */ = {isa = PBXFileReference; lastKnownFileType = sourcecode.c.objc; path = testTests.m; sourceTree = "<group>"; };
/* End PBXFileReference section */

/* Begin PBXFrameworksBuildPhase section */
		5ABEDB2B1AC6AA4F005C157D /* Frameworks */ = {
			isa = PBXFrameworksBuildPhase;
			buildActionMask = 2147483647;
			files = (
			);
			runOnlyForDeploymentPostprocessing = 0;
		};
		5ABEDB441AC6AA4F005C157D /* Frameworks */ = {
			isa = PBXFrameworksBuildPhase;
			buildActionMask = 2147483647;
			files = (
			);
			runOnlyForDeploymentPostprocessing = 0;
		};
/* End PBXFrameworksBuildPhase section */

/* Begin PBXGroup section */
		5ABEDB251AC6AA4F005C157D = {
			isa = PBXGroup;
			children = (
				5ABEDB301AC6AA4F005C157D /* test */,
				5ABEDB4A1AC6AA4F005C157D /* testTests */,
				5ABEDB2F1AC6AA4F005C157D /* Products */,
			);
			sourceTree = "<group>";
		};
		5ABEDB2F1AC6AA4F005C157D /* Products */ = {
			isa = PBXGroup;
			children = (
				5ABEDB2E1AC6AA4F005C157D /* test.app */,
				5ABEDB471AC6AA4F005C157D /* testTests.xctest */,
			);
			name = Products;
			sourceTree = "<group>";
		};
		5ABEDB301AC6AA4F005C157D /* test */ = {
			isa = PBXGroup;
			children = (
				5ABEDB351AC6AA4F005C157D /* AppDelegate.h */,
				5ABEDB361AC6AA4F005C157D /* AppDelegate.m */,
				5ABEDB381AC6AA4F005C157D /* ViewController.h */,
				5ABEDB391AC6AA4F005C157D /* ViewController.m */,
				5ABEDB3B1AC6AA4F005C157D /* Main.storyboard */,
				5ABEDB3E1AC6AA4F005C157D /* Images.xcassets */,
				5ABEDB401AC6AA4F005C157D /* LaunchScreen.xib */,
				5ABEDB311AC6AA4F005C157D /* Supporting Files */,
			);
			path = test;
			sourceTree = "<group>";
		};
		5ABEDB311AC6AA4F005C157D /* Supporting Files */ = {
			isa = PBXGroup;
			children = (
				5ABEDB321AC6AA4F005C157D /* Info.plist */,
				5ABEDB331AC6AA4F005C157D /* main.m */,
			);
			name = "Supporting Files";
			sourceTree = "<group>";
		};
		5ABEDB4A1AC6AA4F005C157D /* testTests */ = {
			isa = PBXGroup;
			children = (
				5ABEDB4D1AC6AA50005C157D /* testTests.m */,
				5ABEDB4B1AC6AA50005C157D /* Supporting Files */,
			);
			path = testTests;
			sourceTree = "<group>";
		};
		5ABEDB4B1AC6AA50005C157D /* Supporting Files */ = {
			isa = PBXGroup;
			children = (
				5ABEDB4C1AC6AA50005C157D /* Info.plist */,
			);
			name = "Supporting Files";
			sourceTree = "<group>";
		};
/* End PBXGroup section */

/* Begin PBXNativeTarget section */
		5ABEDB2D1AC6AA4F005C157D /* test */ = {
			isa = PBXNativeTarget;
			buildConfigurationList = 5ABEDB511AC6AA50005C157D /* Build configuration list for PBXNativeTarget "test" */;
			buildPhases = (
				5ABEDB2A1AC6AA4F005C157D /* Sources */,
				5ABEDB2B1AC6AA4F005C157D /* Frameworks */,
				5ABEDB2C1AC6AA4F005C157D /* Resources */,
			);
			buildRules = (
			);
			dependencies = (
			);
			name = test;
			productName = test;
			productReference = 5ABEDB2E1AC6AA4F005C157D /* test.app */;
			productType = "com.apple.product-type.application";
		};
		5ABEDB461AC6AA4F005C157D /* testTests */ = {
			isa = PBXNativeTarget;
			buildConfigurationList = 5ABEDB541AC6AA50005C157D /* Build configuration list for PBXNativeTarget "testTests" */;
			buildPhases = (
				5ABEDB431AC6AA4F005C157D /* Sources */,
				5ABEDB441AC6AA4F005C157D /* Frameworks */,
				5ABEDB451AC6AA4F005C157D /* Resources */,
			);
			buildRules = (
			);
			dependencies = (
				5ABEDB491AC6AA4F005C157D /* PBXTargetDependency */,
			);
			name = testTests;
			productName = testTests;
			productReference = 5ABEDB471AC6AA4F005C157D /* testTests.xctest */;
			productType = "com.apple.product-type.bundle.unit-test";
		};
/* End PBXNativeTarget section */

/* Begin PBXProject section */
		5ABEDB261AC6AA4F005C157D /* Project object */ = {
			isa = PBXProject;
			attributes = {
				LastUpgradeCheck = 0610;
				ORGANIZATIONNAME = sun;
				TargetAttributes = {
					5ABEDB2D1AC6AA4F005C157D = {
						CreatedOnToolsVersion = 6.1.1;
					};
					5ABEDB461AC6AA4F005C157D = {
						CreatedOnToolsVersion = 6.1.1;
						TestTargetID = 5ABEDB2D1AC6AA4F005C157D;
					};
				};
			};
			buildConfigurationList = 5ABEDB291AC6AA4F005C157D /* Build configuration list for PBXProject "test" */;
			compatibilityVersion = "Xcode 3.2";
			developmentRegion = English;
			hasScannedForEncodings = 0;
			knownRegions = (
				en,
				Base,
			);
			mainGroup = 5ABEDB251AC6AA4F005C157D;
			productRefGroup = 5ABEDB2F1AC6AA4F005C157D /* Products */;
			projectDirPath = "";
			projectRoot = "";
			targets = (
				5ABEDB2D1AC6AA4F005C157D /* test */,
				5ABEDB461AC6AA4F005C157D /* testTests */,
			);
		};
/* End PBXProject section */

/* Begin PBXResourcesBuildPhase section */
		5ABEDB2C1AC6AA4F005C157D /* Resources */ = {
			isa = PBXResourcesBuildPhase;
			buildActionMask = 2147483647;
			files = (
				5ABEDB3D1AC6AA4F005C157D /* Main.storyboard in Resources */,
				5ABEDB421AC6AA4F005C157D /* LaunchScreen.xib in Resources */,
				5ABEDB3F1AC6AA4F005C157D /* Images.xcassets in Resources */,
			);
			runOnlyForDeploymentPostprocessing = 0;
		};
		5ABEDB451AC6AA4F005C157D /* Resources */ = {
			isa = PBXResourcesBuildPhase;
			buildActionMask = 2147483647;
			files = (
			);
			runOnlyForDeploymentPostprocessing = 0;
		};
/* End PBXResourcesBuildPhase section */

/* Begin PBXSourcesBuildPhase section */
		5ABEDB2A1AC6AA4F005C157D /* Sources */ = {
			isa = PBXSourcesBuildPhase;
			buildActionMask = 2147483647;
			files = (
				5ABEDB3A1AC6AA4F005C157D /* ViewController.m in Sources */,
				5ABEDB371AC6AA4F005C157D /* AppDelegate.m in Sources */,
				5ABEDB341AC6AA4F005C157D /* main.m in Sources */,
			);
			runOnlyForDeploymentPostprocessing = 0;
		};
		5ABEDB431AC6AA4F005C157D /* Sources */ = {
			isa = PBXSourcesBuildPhase;
			buildActionMask = 2147483647;
			files = (
				5ABEDB4E1AC6AA50005C157D /* testTests.m in Sources */,
			);
			runOnlyForDeploymentPostprocessing = 0;
		};
/* End PBXSourcesBuildPhase section */

/* Begin PBXTargetDependency section */
		5ABEDB491AC6AA4F005C157D /* PBXTargetDependency */ = {
			isa = PBXTargetDependency;
			target = 5ABEDB2D1AC6AA4F005C157D /* test */;
			targetProxy = 5ABEDB481AC6AA4F005C157D /* PBXContainerItemProxy */;
		};
/* End PBXTargetDependency section */

/* Begin PBXVariantGroup section */
		5ABEDB3B1AC6AA4F005C157D /* Main.storyboard */ = {
			isa = PBXVariantGroup;
			children = (
				5ABEDB3C1AC6AA4F005C157D /* Base */,
			);
			name = Main.storyboard;
			sourceTree = "<group>";
		};
		5ABEDB401AC6AA4F005C157D /* LaunchScreen.xib */ = {
			isa = PBXVariantGroup;
			children = (
				5ABEDB411AC6AA4F005C157D /* Base */,
			);
			name = LaunchScreen.xib;
			sourceTree = "<group>";
		};
/* End PBXVariantGroup section */

/* Begin XCBuildConfiguration section */
		5ABEDB4F1AC6AA50005C157D /* Debug */ = {
			isa = XCBuildConfiguration;
			buildSettings = {
				ALWAYS_SEARCH_USER_PATHS = NO;
				CLANG_CXX_LANGUAGE_STANDARD = "gnu++0x";
				CLANG_CXX_LIBRARY = "libc++";
				CLANG_ENABLE_MODULES = YES;
				CLANG_ENABLE_OBJC_ARC = YES;
				CLANG_WARN_BOOL_CONVERSION = YES;
				CLANG_WARN_CONSTANT_CONVERSION = YES;
				CLANG_WARN_DIRECT_OBJC_ISA_USAGE = YES_ERROR;
				CLANG_WARN_EMPTY_BODY = YES;
				CLANG_WARN_ENUM_CONVERSION = YES;
				CLANG_WARN_INT_CONVERSION = YES;
				CLANG_WARN_OBJC_ROOT_CLASS = YES_ERROR;
				CLANG_WARN_UNREACHABLE_CODE = YES;
				CLANG_WARN__DUPLICATE_METHOD_MATCH = YES;
				"CODE_SIGN_IDENTITY[sdk=iphoneos*]" = "iPhone Developer";
				COPY_PHASE_STRIP = NO;
				ENABLE_STRICT_OBJC_MSGSEND = YES;
				GCC_C_LANGUAGE_STANDARD = gnu99;
				GCC_DYNAMIC_NO_PIC = NO;
				GCC_OPTIMIZATION_LEVEL = 0;
				GCC_PREPROCESSOR_DEFINITIONS = (
					"DEBUG=1",
					"$(inherited)",
				);
				GCC_SYMBOLS_PRIVATE_EXTERN = NO;
				GCC_WARN_64_TO_32_BIT_CONVERSION = YES;
				GCC_WARN_ABOUT_RETURN_TYPE = YES_ERROR;
				GCC_WARN_UNDECLARED_SELECTOR = YES;
				GCC_WARN_UNINITIALIZED_AUTOS = YES_AGGRESSIVE;
				GCC_WARN_UNUSED_FUNCTION = YES;
				GCC_WARN_UNUSED_VARIABLE = YES;
				IPHONEOS_DEPLOYMENT_TARGET = 8.1;
				MTL_ENABLE_DEBUG_INFO = YES;
				ONLY_ACTIVE_ARCH = YES;
				SDKROOT = iphoneos;
			};
			name = Debug;
		};
		5ABEDB501AC6AA50005C157D /* Release */ = {
			isa = XCBuildConfiguration;
			buildSettings = {
				ALWAYS_SEARCH_USER_PATHS = NO;
				CLANG_CXX_LANGUAGE_STANDARD = "gnu++0x";
				CLANG_CXX_LIBRARY = "libc++";
				CLANG_ENABLE_MODULES = YES;
				CLANG_ENABLE_OBJC_ARC = YES;
				CLANG_WARN_BOOL_CONVERSION = YES;
				CLANG_WARN_CONSTANT_CONVERSION = YES;
				CLANG_WARN_DIRECT_OBJC_ISA_USAGE = YES_ERROR;
				CLANG_WARN_EMPTY_BODY = YES;
				CLANG_WARN_ENUM_CONVERSION = YES;
				CLANG_WARN_INT_CONVERSION = YES;
				CLANG_WARN_OBJC_ROOT_CLASS = YES_ERROR;
				CLANG_WARN_UNREACHABLE_CODE = YES;
				CLANG_WARN__DUPLICATE_METHOD_MATCH = YES;
				"CODE_SIGN_IDENTITY[sdk=iphoneos*]" = "iPhone Developer";
				COPY_PHASE_STRIP = YES;
				ENABLE_NS_ASSERTIONS = NO;
				ENABLE_STRICT_OBJC_MSGSEND = YES;
				GCC_C_LANGUAGE_STANDARD = gnu99;
				GCC_WARN_64_TO_32_BIT_CONVERSION = YES;
				GCC_WARN_ABOUT_RETURN_TYPE = YES_ERROR;
				GCC_WARN_UNDECLARED_SELECTOR = YES;
				GCC_WARN_UNINITIALIZED_AUTOS = YES_AGGRESSIVE;
				GCC_WARN_UNUSED_FUNCTION = YES;
				GCC_WARN_UNUSED_VARIABLE = YES;
				IPHONEOS_DEPLOYMENT_TARGET = 8.1;
				MTL_ENABLE_DEBUG_INFO = NO;
				SDKROOT = iphoneos;
				VALIDATE_PRODUCT = YES;
			};
			name = Release;
		};
		5ABEDB521AC6AA50005C157D /* Debug */ = {
			isa = XCBuildConfiguration;
			buildSettings = {
				ASSETCATALOG_COMPILER_APPICON_NAME = AppIcon;
				INFOPLIST_FILE = test/Info.plist;
				LD_RUNPATH_SEARCH_PATHS = "$(inherited) @executable_path/Frameworks";
				PRODUCT_NAME = "$(TARGET_NAME)";
			};
			name = Debug;
		};
		5ABEDB531AC6AA50005C157D /* Release */ = {
			isa = XCBuildConfiguration;
			buildSettings = {
				ASSETCATALOG_COMPILER_APPICON_NAME = AppIcon;
				INFOPLIST_FILE = test/Info.plist;
				LD_RUNPATH_SEARCH_PATHS = "$(inherited) @executable_path/Frameworks";
				PRODUCT_NAME = "$(TARGET_NAME)";
			};
			name = Release;
		};
		5ABEDB551AC6AA50005C157D /* Debug */ = {
			isa = XCBuildConfiguration;
			buildSettings = {
				BUNDLE_LOADER = "$(TEST_HOST)";
				FRAMEWORK_SEARCH_PATHS = (
					"$(SDKROOT)/Developer/Library/Frameworks",
					"$(inherited)",
				);
				GCC_PREPROCESSOR_DEFINITIONS = (
					"DEBUG=1",
					"$(inherited)",
				);
				INFOPLIST_FILE = testTests/Info.plist;
				LD_RUNPATH_SEARCH_PATHS = "$(inherited) @executable_path/Frameworks @loader_path/Frameworks";
				PRODUCT_NAME = "$(TARGET_NAME)";
				TEST_HOST = "$(BUILT_PRODUCTS_DIR)/test.app/test";
			};
			name = Debug;
		};
		5ABEDB561AC6AA50005C157D /* Release */ = {
			isa = XCBuildConfiguration;
			buildSettings = {
				BUNDLE_LOADER = "$(TEST_HOST)";
				FRAMEWORK_SEARCH_PATHS = (
					"$(SDKROOT)/Developer/Library/Frameworks",
					"$(inherited)",
				);
				INFOPLIST_FILE = testTests/Info.plist;
				LD_RUNPATH_SEARCH_PATHS = "$(inherited) @executable_path/Frameworks @loader_path/Frameworks";
				PRODUCT_NAME = "$(TARGET_NAME)";
				TEST_HOST = "$(BUILT_PRODUCTS_DIR)/test.app/test";
			};
			name = Release;
		};
/* End XCBuildConfiguration section */

/* Begin XCConfigurationList section */
		5ABEDB291AC6AA4F005C157D /* Build configuration list for PBXProject "test" */ = {
			isa = XCConfigurationList;
			buildConfigurations = (
				5ABEDB4F1AC6AA50005C157D /* Debug */,
				5ABEDB501AC6AA50005C157D /* Release */,
			);
			defaultConfigurationIsVisible = 0;
			defaultConfigurationName = Release;
		};
		5ABEDB511AC6AA50005C157D /* Build configuration list for PBXNativeTarget "test" */ = {
			isa = XCConfigurationList;
			buildConfigurations = (
				5ABEDB521AC6AA50005C157D /* Debug */,
				5ABEDB531AC6AA50005C157D /* Release */,
			);
			defaultConfigurationIsVisible = 0;
		};
		5ABEDB541AC6AA50005C157D /* Build configuration list for PBXNativeTarget "testTests" */ = {
			isa = XCConfigurationList;
			buildConfigurations = (
				5ABEDB551AC6AA50005C157D /* Debug */,
				5ABEDB561AC6AA50005C157D /* Release */,
			);
			defaultConfigurationIsVisible = 0;
		};
/* End XCConfigurationList section */
	};
	rootObject = 5ABEDB261AC6AA4F005C157D /* Project object */;
}
